{
  "name": "hacked-auth",
  "version": "0.0.2",
  "lockfileVersion": 2,
  "requires": true,
  "packages": {
    "": {
      "name": "hacked-auth",
      "version": "0.0.2",
      "license": "MIT",
      "dependencies": {
        "@vscode/extension-telemetry": "0.7.5",
        "node-fetch": "2.6.7",
        "vscode-tas-client": "^0.1.47"
      },
      "devDependencies": {
        "@types/node": "16.x",
        "@types/node-fetch": "^2.5.7"
      },
      "engines": {
        "vscode": "^1.41.0"
      }
    },
    "node_modules/@azure/abort-controller": {
      "version": "1.1.0",
      "resolved": "https://registry.npmjs.org/@azure/abort-controller/-/abort-controller-1.1.0.tgz",
      "integrity": "sha512-TrRLIoSQVzfAJX9H1JeFjzAoDGcoK1IYX1UImfceTZpsyYfWr09Ss1aHW1y5TrrR3iq6RZLBwJ3E24uwPhwahw==",
      "license": "MIT",
      "dependencies": {
        "tslib": "^2.2.0"
      },
      "engines": {
        "node": ">=12.0.0"
      }
    },
    "node_modules/@azure/core-auth": {
      "version": "1.4.0",
      "resolved": "https://registry.npmjs.org/@azure/core-auth/-/core-auth-1.4.0.tgz",
      "integrity": "sha512-HFrcTgmuSuukRf/EdPmqBrc5l6Q5Uu+2TbuhaKbgaCpP2TfAeiNaQPAadxO+CYBRHGUzIDteMAjFspFLDLnKVQ==",
      "license": "MIT",
      "dependencies": {
        "@azure/abort-controller": "^1.0.0",
        "tslib": "^2.2.0"
      },
      "engines": {
        "node": ">=12.0.0"
      }
    },
    "node_modules/@azure/core-rest-pipeline": {
      "version": "1.10.1",
      "resolved": "https://registry.npmjs.org/@azure/core-rest-pipeline/-/core-rest-pipeline-1.10.1.tgz",
      "integrity": "sha512-Kji9k6TOFRDB5ZMTw8qUf2IJ+CeJtsuMdAHox9eqpTf1cefiNMpzrfnF6sINEBZJsaVaWgQ0o48B6kcUH68niA==",
      "license": "MIT",
      "dependencies": {
        "@azure/abort-controller": "^1.0.0",
        "@azure/core-auth": "^1.4.0",
        "@azure/core-tracing": "^1.0.1",
        "@azure/core-util": "^1.0.0",
        "@azure/logger": "^1.0.0",
        "form-data": "^4.0.0",
        "http-proxy-agent": "^5.0.0",
        "https-proxy-agent": "^5.0.0",
        "tslib": "^2.2.0",
        "uuid": "^8.3.0"
      },
      "engines": {
        "node": ">=14.0.0"
      }
    },
    "node_modules/@azure/core-rest-pipeline/node_modules/form-data": {
      "version": "4.0.0",
      "resolved": "https://registry.npmjs.org/form-data/-/form-data-4.0.0.tgz",
      "integrity": "sha512-ETEklSGi5t0QMZuiXoA/Q6vcnxcLQP5vdugSpuAyi6SVGi2clPPp+xgEhuMaHC+zGgn31Kd235W35f7Hykkaww==",
      "license": "MIT",
      "dependencies": {
        "asynckit": "^0.4.0",
        "combined-stream": "^1.0.8",
        "mime-types": "^2.1.12"
      },
      "engines": {
        "node": ">= 6"
      }
    },
    "node_modules/@azure/core-tracing": {
      "version": "1.0.1",
      "resolved": "https://registry.npmjs.org/@azure/core-tracing/-/core-tracing-1.0.1.tgz",
      "integrity": "sha512-I5CGMoLtX+pI17ZdiFJZgxMJApsK6jjfm85hpgp3oazCdq5Wxgh4wMr7ge/TTWW1B5WBuvIOI1fMU/FrOAMKrw==",
      "license": "MIT",
      "dependencies": {
        "tslib": "^2.2.0"
      },
      "engines": {
        "node": ">=12.0.0"
      }
    },
    "node_modules/@azure/core-util": {
      "version": "1.1.1",
      "resolved": "https://registry.npmjs.org/@azure/core-util/-/core-util-1.1.1.tgz",
      "integrity": "sha512-A4TBYVQCtHOigFb2ETiiKFDocBoI1Zk2Ui1KpI42aJSIDexF7DHQFpnjonltXAIU/ceH+1fsZAWWgvX6/AKzog==",
      "license": "MIT",
      "dependencies": {
        "@azure/abort-controller": "^1.0.0",
        "tslib": "^2.2.0"
      },
      "engines": {
        "node": ">=12.0.0"
      }
    },
    "node_modules/@azure/logger": {
      "version": "1.0.3",
      "resolved": "https://registry.npmjs.org/@azure/logger/-/logger-1.0.3.tgz",
      "integrity": "sha512-aK4s3Xxjrx3daZr3VylxejK3vG5ExXck5WOHDJ8in/k9AqlfIyFMMT1uG7u8mNjX+QRILTIn0/Xgschfh/dQ9g==",
      "license": "MIT",
      "dependencies": {
        "tslib": "^2.2.0"
      },
      "engines": {
        "node": ">=12.0.0"
      }
    },
    "node_modules/@microsoft/1ds-core-js": {
      "version": "3.2.8",
      "resolved": "https://registry.npmjs.org/@microsoft/1ds-core-js/-/1ds-core-js-3.2.8.tgz",
      "integrity": "sha512-9o9SUAamJiTXIYwpkQDuueYt83uZfXp8zp8YFix1IwVPwC9RmE36T2CX9gXOeq1nDckOuOduYpA8qHvdh5BGfQ==",
      "license": "MIT",
      "dependencies": {
        "@microsoft/applicationinsights-core-js": "2.8.9",
        "@microsoft/applicationinsights-shims": "^2.0.2",
        "@microsoft/dynamicproto-js": "^1.1.7"
      }
    },
    "node_modules/@microsoft/1ds-post-js": {
      "version": "3.2.8",
      "resolved": "https://registry.npmjs.org/@microsoft/1ds-post-js/-/1ds-post-js-3.2.8.tgz",
      "integrity": "sha512-SjlRoNcXcXBH6WQD/5SkkaCHIVqldH3gDu+bI7YagrOVJ5APxwT1Duw9gm3L1FjFa9S2i81fvJ3EVSKpp9wULA==",
      "license": "MIT",
      "dependencies": {
        "@microsoft/1ds-core-js": "3.2.8",
        "@microsoft/applicationinsights-shims": "^2.0.2",
        "@microsoft/dynamicproto-js": "^1.1.7"
      }
    },
    "node_modules/@microsoft/applicationinsights-channel-js": {
      "version": "2.8.9",
      "resolved": "https://registry.npmjs.org/@microsoft/applicationinsights-channel-js/-/applicationinsights-channel-js-2.8.9.tgz",
      "integrity": "sha512-fMBsAEB7pWtPn43y72q9Xy5E5y55r6gMuDQqRRccccVoQDPXyS57VCj5IdATblctru0C6A8XpL2vRyNmEsu0Vg==",
      "license": "MIT",
      "dependencies": {
        "@microsoft/applicationinsights-common": "2.8.9",
        "@microsoft/applicationinsights-core-js": "2.8.9",
        "@microsoft/applicationinsights-shims": "2.0.2",
        "@microsoft/dynamicproto-js": "^1.1.7"
      },
      "peerDependencies": {
        "tslib": "*"
      }
    },
    "node_modules/@microsoft/applicationinsights-common": {
      "version": "2.8.9",
      "resolved": "https://registry.npmjs.org/@microsoft/applicationinsights-common/-/applicationinsights-common-2.8.9.tgz",
      "integrity": "sha512-mObn1moElyxZaGIRF/IU3cOaeKMgxghXnYEoHNUCA2e+rNwBIgxjyKkblFIpmGuHf4X7Oz3o3yBWpaC6AoMpig==",
      "license": "MIT",
      "dependencies": {
        "@microsoft/applicationinsights-core-js": "2.8.9",
        "@microsoft/applicationinsights-shims": "2.0.2",
        "@microsoft/dynamicproto-js": "^1.1.7"
      },
      "peerDependencies": {
        "tslib": "*"
      }
    },
    "node_modules/@microsoft/applicationinsights-core-js": {
      "version": "2.8.9",
      "resolved": "https://registry.npmjs.org/@microsoft/applicationinsights-core-js/-/applicationinsights-core-js-2.8.9.tgz",
      "integrity": "sha512-HRuIuZ6aOWezcg/G5VyFDDWGL8hDNe/ljPP01J7ImH2kRPEgbtcfPSUMjkamGMefgdq81GZsSoC/NNGTP4pp2w==",
      "license": "MIT",
      "dependencies": {
        "@microsoft/applicationinsights-shims": "2.0.2",
        "@microsoft/dynamicproto-js": "^1.1.7"
      },
      "peerDependencies": {
        "tslib": "*"
      }
    },
    "node_modules/@microsoft/applicationinsights-shims": {
      "version": "2.0.2",
      "resolved": "https://registry.npmjs.org/@microsoft/applicationinsights-shims/-/applicationinsights-shims-2.0.2.tgz",
      "integrity": "sha512-PoHEgsnmcqruLNHZ/amACqdJ6YYQpED0KSRe6J7gIJTtpZC1FfFU9b1fmDKDKtFoUSrPzEh1qzO3kmRZP0betg==",
      "license": "MIT"
    },
    "node_modules/@microsoft/applicationinsights-web-basic": {
      "version": "2.8.9",
      "resolved": "https://registry.npmjs.org/@microsoft/applicationinsights-web-basic/-/applicationinsights-web-basic-2.8.9.tgz",
      "integrity": "sha512-CH0J8JFOy7MjK8JO4pXXU+EML+Ilix+94PMZTX5EJlBU1in+mrik74/8qSg3UC4ekPi12KwrXaHCQSVC3WseXQ==",
      "license": "MIT",
      "dependencies": {
        "@microsoft/applicationinsights-channel-js": "2.8.9",
        "@microsoft/applicationinsights-common": "2.8.9",
        "@microsoft/applicationinsights-core-js": "2.8.9",
        "@microsoft/applicationinsights-shims": "2.0.2",
        "@microsoft/dynamicproto-js": "^1.1.7"
      },
      "peerDependencies": {
        "tslib": "*"
      }
    },
    "node_modules/@microsoft/applicationinsights-web-snippet": {
      "version": "1.0.1",
      "resolved": "https://registry.npmjs.org/@microsoft/applicationinsights-web-snippet/-/applicationinsights-web-snippet-1.0.1.tgz",
      "integrity": "sha512-2IHAOaLauc8qaAitvWS+U931T+ze+7MNWrDHY47IENP5y2UA0vqJDu67kWZDdpCN1fFC77sfgfB+HV7SrKshnQ==",
      "license": "MIT"
    },
    "node_modules/@microsoft/dynamicproto-js": {
      "version": "1.1.7",
      "resolved": "https://registry.npmjs.org/@microsoft/dynamicproto-js/-/dynamicproto-js-1.1.7.tgz",
      "integrity": "sha512-SK3D3aVt+5vOOccKPnGaJWB5gQ8FuKfjboUJHedMP7gu54HqSCXX5iFXhktGD8nfJb0Go30eDvs/UDoTnR2kOA==",
      "license": "MIT"
    },
    "node_modules/@opentelemetry/api": {
      "version": "1.2.0",
      "resolved": "https://registry.npmjs.org/@opentelemetry/api/-/api-1.2.0.tgz",
      "integrity": "sha512-0nBr+VZNKm9tvNDZFstI3Pq1fCTEDK5OZTnVKNvBNAKgd0yIvmwsP4m61rEv7ZP+tOUjWJhROpxK5MsnlF911g==",
      "license": "Apache-2.0",
      "engines": {
        "node": ">=8.0.0"
      }
    },
    "node_modules/@opentelemetry/core": {
      "version": "1.7.0",
      "resolved": "https://registry.npmjs.org/@opentelemetry/core/-/core-1.7.0.tgz",
      "integrity": "sha512-AVqAi5uc8DrKJBimCTFUT4iFI+5eXpo4sYmGbQ0CypG0piOTHE2g9c5aSoTGYXu3CzOmJZf7pT6Xh+nwm5d6yQ==",
      "license": "Apache-2.0",
      "dependencies": {
        "@opentelemetry/semantic-conventions": "1.7.0"
      },
      "engines": {
        "node": ">=14"
      },
      "peerDependencies": {
        "@opentelemetry/api": ">=1.0.0 <1.3.0"
      }
    },
    "node_modules/@opentelemetry/resources": {
      "version": "1.7.0",
      "resolved": "https://registry.npmjs.org/@opentelemetry/resources/-/resources-1.7.0.tgz",
      "integrity": "sha512-u1M0yZotkjyKx8dj+46Sg5thwtOTBmtRieNXqdCRiWUp6SfFiIP0bI+1XK3LhuXqXkBXA1awJZaTqKduNMStRg==",
      "license": "Apache-2.0",
      "dependencies": {
        "@opentelemetry/core": "1.7.0",
        "@opentelemetry/semantic-conventions": "1.7.0"
      },
      "engines": {
        "node": ">=14"
      },
      "peerDependencies": {
        "@opentelemetry/api": ">=1.0.0 <1.3.0"
      }
    },
    "node_modules/@opentelemetry/sdk-trace-base": {
      "version": "1.7.0",
      "resolved": "https://registry.npmjs.org/@opentelemetry/sdk-trace-base/-/sdk-trace-base-1.7.0.tgz",
      "integrity": "sha512-Iz84C+FVOskmauh9FNnj4+VrA+hG5o+tkMzXuoesvSfunVSioXib0syVFeNXwOm4+M5GdWCuW632LVjqEXStIg==",
      "license": "Apache-2.0",
      "dependencies": {
        "@opentelemetry/core": "1.7.0",
        "@opentelemetry/resources": "1.7.0",
        "@opentelemetry/semantic-conventions": "1.7.0"
      },
      "engines": {
        "node": ">=14"
      },
      "peerDependencies": {
        "@opentelemetry/api": ">=1.0.0 <1.3.0"
      }
    },
    "node_modules/@opentelemetry/semantic-conventions": {
      "version": "1.7.0",
      "resolved": "https://registry.npmjs.org/@opentelemetry/semantic-conventions/-/semantic-conventions-1.7.0.tgz",
      "integrity": "sha512-FGBx/Qd09lMaqQcogCHyYrFEpTx4cAjeS+48lMIR12z7LdH+zofGDVQSubN59nL6IpubfKqTeIDu9rNO28iHVA==",
      "license": "Apache-2.0",
      "engines": {
        "node": ">=14"
      }
    },
    "node_modules/@tootallnate/once": {
      "version": "2.0.0",
      "resolved": "https://registry.npmjs.org/@tootallnate/once/-/once-2.0.0.tgz",
      "integrity": "sha512-XCuKFP5PS55gnMVu3dty8KPatLqUoy/ZYzDzAGCQ8JNFCkLXzmI7vNHCR+XpbZaMWQK/vQubr7PkYq8g470J/A==",
      "license": "MIT",
      "engines": {
        "node": ">= 10"
      }
    },
    "node_modules/@types/node": {
      "version": "16.11.6",
      "resolved": "https://registry.npmjs.org/@types/node/-/node-16.11.6.tgz",
      "integrity": "sha512-ua7PgUoeQFjmWPcoo9khiPum3Pd60k4/2ZGXt18sm2Slk0W0xZTqt5Y0Ny1NyBiN1EVQ/+FaF9NcY4Qe6rwk5w==",
      "dev": true,
      "license": "MIT"
    },
    "node_modules/@types/node-fetch": {
      "version": "2.5.7",
      "resolved": "https://registry.npmjs.org/@types/node-fetch/-/node-fetch-2.5.7.tgz",
      "integrity": "sha512-o2WVNf5UhWRkxlf6eq+jMZDu7kjgpgJfl4xVNlvryc95O/6F2ld8ztKX+qu+Rjyet93WAWm5LjeX9H5FGkODvw==",
      "dev": true,
      "license": "MIT",
      "dependencies": {
        "@types/node": "*",
        "form-data": "^3.0.0"
      }
    },
    "node_modules/@types/node-fetch/node_modules/@types/node": {
      "version": "14.0.5",
      "resolved": "https://registry.npmjs.org/@types/node/-/node-14.0.5.tgz",
      "integrity": "sha512-90hiq6/VqtQgX8Sp0EzeIsv3r+ellbGj4URKj5j30tLlZvRUpnAe9YbYnjl3pJM93GyXU0tghHhvXHq+5rnCKA==",
      "dev": true,
      "license": "MIT"
    },
    "node_modules/@vscode/extension-telemetry": {
      "version": "0.7.5",
      "resolved": "https://registry.npmjs.org/@vscode/extension-telemetry/-/extension-telemetry-0.7.5.tgz",
      "integrity": "sha512-fJ5y3TcpqqkFYHneabYaoB4XAhDdVflVm+TDKshw9VOs77jkgNS4UA7LNXrWeO0eDne3Sh3JgURf+xzc1rk69w==",
      "license": "MIT",
      "dependencies": {
        "@microsoft/1ds-core-js": "^3.2.8",
        "@microsoft/1ds-post-js": "^3.2.8",
        "@microsoft/applicationinsights-web-basic": "^2.8.9",
        "applicationinsights": "2.4.1"
      },
      "engines": {
        "vscode": "^1.75.0"
      }
    },
    "node_modules/agent-base": {
      "version": "6.0.2",
      "resolved": "https://registry.npmjs.org/agent-base/-/agent-base-6.0.2.tgz",
      "integrity": "sha512-RZNwNclF7+MS/8bDg70amg32dyeZGZxiDuQmZxKLAlQjr3jGyLx+4Kkk58UO7D2QdgFIQCovuSuZESne6RG6XQ==",
      "license": "MIT",
      "dependencies": {
        "debug": "4"
      },
      "engines": {
        "node": ">= 6.0.0"
      }
    },
    "node_modules/applicationinsights": {
      "version": "2.4.1",
      "resolved": "https://registry.npmjs.org/applicationinsights/-/applicationinsights-2.4.1.tgz",
      "integrity": "sha512-0n0Ikd0gzSm460xm+M0UTWIwXrhrH/0bqfZatcJjYObWyefxfAxapGEyNnSGd1Tg90neHz+Yhf+Ff/zgvPiQYA==",
      "license": "MIT",
      "dependencies": {
        "@azure/core-auth": "^1.4.0",
        "@azure/core-rest-pipeline": "^1.10.0",
        "@microsoft/applicationinsights-web-snippet": "^1.0.1",
        "@opentelemetry/api": "^1.0.4",
        "@opentelemetry/core": "^1.0.1",
        "@opentelemetry/sdk-trace-base": "^1.0.1",
        "@opentelemetry/semantic-conventions": "^1.0.1",
        "cls-hooked": "^4.2.2",
        "continuation-local-storage": "^3.2.1",
        "diagnostic-channel": "1.1.0",
        "diagnostic-channel-publishers": "1.0.5"
      },
      "engines": {
        "node": ">=8.0.0"
      },
      "peerDependencies": {
        "applicationinsights-native-metrics": "*"
      },
      "peerDependenciesMeta": {
        "applicationinsights-native-metrics": {
          "optional": true
        }
      }
    },
    "node_modules/async-hook-jl": {
      "version": "1.7.6",
      "resolved": "https://registry.npmjs.org/async-hook-jl/-/async-hook-jl-1.7.6.tgz",
      "integrity": "sha512-gFaHkFfSxTjvoxDMYqDuGHlcRyUuamF8s+ZTtJdDzqjws4mCt7v0vuV79/E2Wr2/riMQgtG4/yUtXWs1gZ7JMg==",
      "license": "MIT",
      "dependencies": {
        "stack-chain": "^1.3.7"
      },
      "engines": {
        "node": "^4.7 || >=6.9 || >=7.3"
      }
    },
    "node_modules/async-listener": {
      "version": "0.6.10",
      "resolved": "https://registry.npmjs.org/async-listener/-/async-listener-0.6.10.tgz",
      "integrity": "sha512-gpuo6xOyF4D5DE5WvyqZdPA3NGhiT6Qf07l7DCB0wwDEsLvDIbCr6j9S5aj5Ch96dLace5tXVzWBZkxU/c5ohw==",
      "license": "BSD-2-Clause",
      "dependencies": {
        "semver": "^5.3.0",
        "shimmer": "^1.1.0"
      },
      "engines": {
        "node": "<=0.11.8 || >0.11.10"
      }
    },
    "node_modules/asynckit": {
      "version": "0.4.0",
      "resolved": "https://registry.npmjs.org/asynckit/-/asynckit-0.4.0.tgz",
      "integrity": "sha1-x57Zf380y48robyXkLzDZkdLS3k=",
      "license": "MIT"
    },
    "node_modules/axios": {
      "version": "0.26.1",
      "resolved": "https://registry.npmjs.org/axios/-/axios-0.26.1.tgz",
      "integrity": "sha512-fPwcX4EvnSHuInCMItEhAGnaSEXRBjtzh9fOtsE6E1G6p7vl7edEeZe11QHf18+6+9gR5PbKV/sGKNaD8YaMeA==",
      "license": "MIT",
      "dependencies": {
        "follow-redirects": "^1.14.8"
      }
    },
    "node_modules/cls-hooked": {
      "version": "4.2.2",
      "resolved": "https://registry.npmjs.org/cls-hooked/-/cls-hooked-4.2.2.tgz",
      "integrity": "sha512-J4Xj5f5wq/4jAvcdgoGsL3G103BtWpZrMo8NEinRltN+xpTZdI+M38pyQqhuFU/P792xkMFvnKSf+Lm81U1bxw==",
      "license": "BSD-2-Clause",
      "dependencies": {
        "async-hook-jl": "^1.7.6",
        "emitter-listener": "^1.0.1",
        "semver": "^5.4.1"
      },
      "engines": {
        "node": "^4.7 || >=6.9 || >=7.3 || >=8.2.1"
      }
    },
    "node_modules/combined-stream": {
      "version": "1.0.8",
      "resolved": "https://registry.npmjs.org/combined-stream/-/combined-stream-1.0.8.tgz",
      "integrity": "sha512-FQN4MRfuJeHf7cBbBMJFXhKSDq+2kAArBlmRBvcvFE5BB1HZKXtSFASDhdlz9zOYwxh8lDdnvmMOe/+5cdoEdg==",
      "license": "MIT",
      "dependencies": {
        "delayed-stream": "~1.0.0"
      },
      "engines": {
        "node": ">= 0.8"
      }
    },
    "node_modules/continuation-local-storage": {
      "version": "3.2.1",
      "resolved": "https://registry.npmjs.org/continuation-local-storage/-/continuation-local-storage-3.2.1.tgz",
      "integrity": "sha512-jx44cconVqkCEEyLSKWwkvUXwO561jXMa3LPjTPsm5QR22PA0/mhe33FT4Xb5y74JDvt/Cq+5lm8S8rskLv9ZA==",
      "license": "BSD-2-Clause",
      "dependencies": {
        "async-listener": "^0.6.0",
        "emitter-listener": "^1.1.1"
      }
    },
    "node_modules/debug": {
      "version": "4.3.4",
      "resolved": "https://registry.npmjs.org/debug/-/debug-4.3.4.tgz",
      "integrity": "sha512-PRWFHuSU3eDtQJPvnNY7Jcket1j0t5OuOsFzPPzsekD52Zl8qUfFIPEiswXqIvHWGVHOgX+7G/vCNNhehwxfkQ==",
      "license": "MIT",
      "dependencies": {
        "ms": "2.1.2"
      },
      "engines": {
        "node": ">=6.0"
      },
      "peerDependenciesMeta": {
        "supports-color": {
          "optional": true
        }
      }
    },
    "node_modules/delayed-stream": {
      "version": "1.0.0",
      "resolved": "https://registry.npmjs.org/delayed-stream/-/delayed-stream-1.0.0.tgz",
      "integrity": "sha1-3zrhmayt+31ECqrgsp4icrJOxhk=",
      "license": "MIT",
      "engines": {
        "node": ">=0.4.0"
      }
    },
    "node_modules/diagnostic-channel": {
      "version": "1.1.0",
      "resolved": "https://registry.npmjs.org/diagnostic-channel/-/diagnostic-channel-1.1.0.tgz",
      "integrity": "sha512-fwujyMe1gj6rk6dYi9hMZm0c8Mz8NDMVl2LB4iaYh3+LIAThZC8RKFGXWG0IML2OxAit/ZFRgZhMkhQ3d/bobQ==",
      "license": "MIT",
      "dependencies": {
        "semver": "^5.3.0"
      }
    },
    "node_modules/diagnostic-channel-publishers": {
      "version": "1.0.5",
      "resolved": "https://registry.npmjs.org/diagnostic-channel-publishers/-/diagnostic-channel-publishers-1.0.5.tgz",
      "integrity": "sha512-dJwUS0915pkjjimPJVDnS/QQHsH0aOYhnZsLJdnZIMOrB+csj8RnZhWTuwnm8R5v3Z7OZs+ksv5luC14DGB7eg==",
      "license": "MIT",
      "peerDependencies": {
        "diagnostic-channel": "*"
      }
    },
    "node_modules/emitter-listener": {
      "version": "1.1.2",
      "resolved": "https://registry.npmjs.org/emitter-listener/-/emitter-listener-1.1.2.tgz",
      "integrity": "sha512-Bt1sBAGFHY9DKY+4/2cV6izcKJUf5T7/gkdmkxzX/qv9CcGH8xSwVRW5mtX03SWJtRTWSOpzCuWN9rBFYZepZQ==",
      "license": "BSD-2-Clause",
      "dependencies": {
        "shimmer": "^1.2.0"
      }
    },
    "node_modules/follow-redirects": {
      "version": "1.15.0",
      "resolved": "https://registry.npmjs.org/follow-redirects/-/follow-redirects-1.15.0.tgz",
      "integrity": "sha512-aExlJShTV4qOUOL7yF1U5tvLCB0xQuudbf6toyYA0E/acBNw71mvjFTnLaRp50aQaYocMR0a/RMMBIHeZnGyjQ==",
      "funding": [
        {
          "type": "individual",
          "url": "https://github.com/sponsors/RubenVerborgh"
        }
      ],
      "license": "MIT",
      "engines": {
        "node": ">=4.0"
      },
      "peerDependenciesMeta": {
        "debug": {
          "optional": true
        }
      }
    },
    "node_modules/form-data": {
      "version": "3.0.0",
      "resolved": "https://registry.npmjs.org/form-data/-/form-data-3.0.0.tgz",
      "integrity": "sha512-CKMFDglpbMi6PyN+brwB9Q/GOw0eAnsrEZDgcsH5Krhz5Od/haKHAX0NmQfha2zPPz0JpWzA7GJHGSnvCRLWsg==",
      "dev": true,
      "license": "MIT",
      "dependencies": {
        "asynckit": "^0.4.0",
        "combined-stream": "^1.0.8",
        "mime-types": "^2.1.12"
      },
      "engines": {
        "node": ">= 6"
      }
    },
    "node_modules/http-proxy-agent": {
      "version": "5.0.0",
      "resolved": "https://registry.npmjs.org/http-proxy-agent/-/http-proxy-agent-5.0.0.tgz",
      "integrity": "sha512-n2hY8YdoRE1i7r6M0w9DIw5GgZN0G25P8zLCRQ8rjXtTU3vsNFBI/vWK/UIeE6g5MUUz6avwAPXmL6Fy9D/90w==",
      "license": "MIT",
      "dependencies": {
        "@tootallnate/once": "2",
        "agent-base": "6",
        "debug": "4"
      },
      "engines": {
        "node": ">= 6"
      }
    },
    "node_modules/https-proxy-agent": {
      "version": "5.0.1",
      "resolved": "https://registry.npmjs.org/https-proxy-agent/-/https-proxy-agent-5.0.1.tgz",
      "integrity": "sha512-dFcAjpTQFgoLMzC2VwU+C/CbS7uRL0lWmxDITmqm7C+7F0Odmj6s9l6alZc6AELXhrnggM2CeWSXHGOdX2YtwA==",
      "license": "MIT",
      "dependencies": {
        "agent-base": "6",
        "debug": "4"
      },
      "engines": {
        "node": ">= 6"
      }
    },
    "node_modules/mime-db": {
      "version": "1.44.0",
      "resolved": "https://registry.npmjs.org/mime-db/-/mime-db-1.44.0.tgz",
      "integrity": "sha512-/NOTfLrsPBVeH7YtFPgsVWveuL+4SjjYxaQ1xtM1KMFj7HdxlBlxeyNLzhyJVx7r4rZGJAZ/6lkKCitSc/Nmpg==",
      "license": "MIT",
      "engines": {
        "node": ">= 0.6"
      }
    },
    "node_modules/mime-types": {
      "version": "2.1.27",
      "resolved": "https://registry.npmjs.org/mime-types/-/mime-types-2.1.27.tgz",
      "integrity": "sha512-JIhqnCasI9yD+SsmkquHBxTSEuZdQX5BuQnS2Vc7puQQQ+8yiP5AY5uWhpdv4YL4VM5c6iliiYWPgJ/nJQLp7w==",
      "license": "MIT",
      "dependencies": {
        "mime-db": "1.44.0"
      },
      "engines": {
        "node": ">= 0.6"
      }
    },
    "node_modules/ms": {
      "version": "2.1.2",
      "resolved": "https://registry.npmjs.org/ms/-/ms-2.1.2.tgz",
      "integrity": "sha512-sGkPx+VjMtmA6MX27oA4FBFELFCZZ4S4XqeGOXCv68tT+jb3vk/RyaKWP0PTKyWtmLSM0b+adUTEvbs1PEaH2w==",
      "license": "MIT"
    },
    "node_modules/node-fetch": {
      "version": "2.6.7",
      "resolved": "https://registry.npmjs.org/node-fetch/-/node-fetch-2.6.7.tgz",
      "integrity": "sha512-ZjMPFEfVx5j+y2yF35Kzx5sF7kDzxuDj6ziH4FFbOp87zKDZNx8yExJIb05OGF4Nlt9IHFIMBkRl41VdvcNdbQ==",
      "license": "MIT",
      "dependencies": {
        "whatwg-url": "^5.0.0"
      },
      "engines": {
        "node": "4.x || >=6.0.0"
      },
      "peerDependencies": {
        "encoding": "^0.1.0"
      },
      "peerDependenciesMeta": {
        "encoding": {
          "optional": true
        }
      }
    },
    "node_modules/semver": {
      "version": "5.7.1",
      "resolved": "https://registry.npmjs.org/semver/-/semver-5.7.1.tgz",
      "integrity": "sha512-sauaDf/PZdVgrLTNYHRtpXa1iRiKcaebiKQ1BJdpQlWH2lCvexQdX55snPFyK7QzpudqbCI0qXFfOasHdyNDGQ==",
      "license": "ISC",
      "bin": {
        "semver": "bin/semver"
      }
    },
    "node_modules/shimmer": {
      "version": "1.2.1",
      "resolved": "https://registry.npmjs.org/shimmer/-/shimmer-1.2.1.tgz",
      "integrity": "sha512-sQTKC1Re/rM6XyFM6fIAGHRPVGvyXfgzIDvzoq608vM+jeyVD0Tu1E6Np0Kc2zAIFWIj963V2800iF/9LPieQw==",
      "license": "BSD-2-Clause"
    },
    "node_modules/stack-chain": {
      "version": "1.3.7",
      "resolved": "https://registry.npmjs.org/stack-chain/-/stack-chain-1.3.7.tgz",
      "integrity": "sha512-D8cWtWVdIe/jBA7v5p5Hwl5yOSOrmZPWDPe2KxQ5UAGD+nxbxU0lKXA4h85Ta6+qgdKVL3vUxsbIZjc1kBG7ug==",
      "license": "MIT"
    },
    "node_modules/tas-client": {
      "version": "0.1.45",
      "resolved": "https://registry.npmjs.org/tas-client/-/tas-client-0.1.45.tgz",
      "integrity": "sha512-IG9UmCpDbDPK23UByQ27rLybkRZYEx2eC9EkieXdwPKKjZPD2zPwfQmyGnZrZet4FUt3yj0ytkwz+liR9Nz/nA==",
      "license": "MIT",
      "dependencies": {
        "axios": "^0.26.1"
      }
    },
    "node_modules/tr46": {
      "version": "0.0.3",
      "resolved": "https://registry.npmjs.org/tr46/-/tr46-0.0.3.tgz",
      "integrity": "sha1-gYT9NH2snNwYWZLzpmIuFLnZq2o=",
      "license": "MIT"
    },
    "node_modules/tslib": {
      "version": "2.4.1",
      "resolved": "https://registry.npmjs.org/tslib/-/tslib-2.4.1.tgz",
      "integrity": "sha512-tGyy4dAjRIEwI7BzsB0lynWgOpfqjUdq91XXAlIWD2OwKBH7oCl/GZG/HT4BOHrTlPMOASlMQ7veyTqpmRcrNA==",
      "license": "0BSD"
    },
    "node_modules/uuid": {
      "version": "8.3.2",
      "resolved": "https://registry.npmjs.org/uuid/-/uuid-8.3.2.tgz",
      "integrity": "sha512-+NYs2QeMWy+GWFOEm9xnn6HCDp0l7QBD7ml8zLUmJ+93Q5NF0NocErnwkTkXVFNiX3/fpC6afS8Dhb/gz7R7eg==",
      "license": "MIT",
      "bin": {
        "uuid": "dist/bin/uuid"
      }
    },
    "node_modules/vscode-tas-client": {
      "version": "0.1.47",
      "resolved": "https://registry.npmjs.org/vscode-tas-client/-/vscode-tas-client-0.1.47.tgz",
      "integrity": "sha512-SlEPDi+0gwxor4ANzBtXwqROPQdQkClHeVJgnkvdDF5Xnl407htCsabTPAq4Di8muObORtLchqQS/k1ocaGDEg==",
      "license": "MIT",
      "dependencies": {
        "tas-client": "0.1.45"
      },
      "engines": {
        "vscode": "^1.19.1"
      }
    },
    "node_modules/webidl-conversions": {
      "version": "3.0.1",
      "resolved": "https://registry.npmjs.org/webidl-conversions/-/webidl-conversions-3.0.1.tgz",
      "integrity": "sha1-JFNCdeKnvGvnvIZhHMFq4KVlSHE=",
      "license": "BSD-2-Clause"
    },
    "node_modules/whatwg-url": {
      "version": "5.0.0",
      "resolved": "https://registry.npmjs.org/whatwg-url/-/whatwg-url-5.0.0.tgz",
      "integrity": "sha1-lmRU6HZUYuN2RNNib2dCzotwll0=",
      "license": "MIT",
      "dependencies": {
        "tr46": "~0.0.3",
        "webidl-conversions": "^3.0.0"
      }
    }
  },
  "dependencies": {
    "@azure/abort-controller": {
      "version": "1.1.0",
      "resolved": "https://registry.npmjs.org/@azure/abort-controller/-/abort-controller-1.1.0.tgz",
      "integrity": "sha512-TrRLIoSQVzfAJX9H1JeFjzAoDGcoK1IYX1UImfceTZpsyYfWr09Ss1aHW1y5TrrR3iq6RZLBwJ3E24uwPhwahw==",
      "requires": {
        "tslib": "^2.2.0"
      }
    },
    "@azure/core-auth": {
      "version": "1.4.0",
      "resolved": "https://registry.npmjs.org/@azure/core-auth/-/core-auth-1.4.0.tgz",
      "integrity": "sha512-HFrcTgmuSuukRf/EdPmqBrc5l6Q5Uu+2TbuhaKbgaCpP2TfAeiNaQPAadxO+CYBRHGUzIDteMAjFspFLDLnKVQ==",
      "requires": {
        "@azure/abort-controller": "^1.0.0",
        "tslib": "^2.2.0"
      }
    },
    "@azure/core-rest-pipeline": {
      "version": "1.10.1",
      "resolved": "https://registry.npmjs.org/@azure/core-rest-pipeline/-/core-rest-pipeline-1.10.1.tgz",
      "integrity": "sha512-Kji9k6TOFRDB5ZMTw8qUf2IJ+CeJtsuMdAHox9eqpTf1cefiNMpzrfnF6sINEBZJsaVaWgQ0o48B6kcUH68niA==",
      "requires": {
        "@azure/abort-controller": "^1.0.0",
        "@azure/core-auth": "^1.4.0",
        "@azure/core-tracing": "^1.0.1",
        "@azure/core-util": "^1.0.0",
        "@azure/logger": "^1.0.0",
        "form-data": "^4.0.0",
        "http-proxy-agent": "^5.0.0",
        "https-proxy-agent": "^5.0.0",
        "tslib": "^2.2.0",
        "uuid": "^8.3.0"
      },
      "dependencies": {
        "form-data": {
          "version": "4.0.0",
          "resolved": "https://registry.npmjs.org/form-data/-/form-data-4.0.0.tgz",
          "integrity": "sha512-ETEklSGi5t0QMZuiXoA/Q6vcnxcLQP5vdugSpuAyi6SVGi2clPPp+xgEhuMaHC+zGgn31Kd235W35f7Hykkaww==",
          "requires": {
            "asynckit": "^0.4.0",
            "combined-stream": "^1.0.8",
            "mime-types": "^2.1.12"
          }
        }
      }
    },
    "@azure/core-tracing": {
      "version": "1.0.1",
      "resolved": "https://registry.npmjs.org/@azure/core-tracing/-/core-tracing-1.0.1.tgz",
      "integrity": "sha512-I5CGMoLtX+pI17ZdiFJZgxMJApsK6jjfm85hpgp3oazCdq5Wxgh4wMr7ge/TTWW1B5WBuvIOI1fMU/FrOAMKrw==",
      "requires": {
        "tslib": "^2.2.0"
      }
    },
    "@azure/core-util": {
      "version": "1.1.1",
      "resolved": "https://registry.npmjs.org/@azure/core-util/-/core-util-1.1.1.tgz",
      "integrity": "sha512-A4TBYVQCtHOigFb2ETiiKFDocBoI1Zk2Ui1KpI42aJSIDexF7DHQFpnjonltXAIU/ceH+1fsZAWWgvX6/AKzog==",
      "requires": {
        "@azure/abort-controller": "^1.0.0",
        "tslib": "^2.2.0"
      }
    },
    "@azure/logger": {
      "version": "1.0.3",
      "resolved": "https://registry.npmjs.org/@azure/logger/-/logger-1.0.3.tgz",
      "integrity": "sha512-aK4s3Xxjrx3daZr3VylxejK3vG5ExXck5WOHDJ8in/k9AqlfIyFMMT1uG7u8mNjX+QRILTIn0/Xgschfh/dQ9g==",
      "requires": {
        "tslib": "^2.2.0"
      }
    },
    "@microsoft/1ds-core-js": {
      "version": "3.2.8",
      "resolved": "https://registry.npmjs.org/@microsoft/1ds-core-js/-/1ds-core-js-3.2.8.tgz",
      "integrity": "sha512-9o9SUAamJiTXIYwpkQDuueYt83uZfXp8zp8YFix1IwVPwC9RmE36T2CX9gXOeq1nDckOuOduYpA8qHvdh5BGfQ==",
      "requires": {
        "@microsoft/applicationinsights-core-js": "2.8.9",
        "@microsoft/applicationinsights-shims": "^2.0.2",
        "@microsoft/dynamicproto-js": "^1.1.7"
      }
    },
    "@microsoft/1ds-post-js": {
      "version": "3.2.8",
      "resolved": "https://registry.npmjs.org/@microsoft/1ds-post-js/-/1ds-post-js-3.2.8.tgz",
      "integrity": "sha512-SjlRoNcXcXBH6WQD/5SkkaCHIVqldH3gDu+bI7YagrOVJ5APxwT1Duw9gm3L1FjFa9S2i81fvJ3EVSKpp9wULA==",
      "requires": {
        "@microsoft/1ds-core-js": "3.2.8",
        "@microsoft/applicationinsights-shims": "^2.0.2",
        "@microsoft/dynamicproto-js": "^1.1.7"
      }
    },
    "@microsoft/applicationinsights-channel-js": {
      "version": "2.8.9",
      "resolved": "https://registry.npmjs.org/@microsoft/applicationinsights-channel-js/-/applicationinsights-channel-js-2.8.9.tgz",
      "integrity": "sha512-fMBsAEB7pWtPn43y72q9Xy5E5y55r6gMuDQqRRccccVoQDPXyS57VCj5IdATblctru0C6A8XpL2vRyNmEsu0Vg==",
      "requires": {
        "@microsoft/applicationinsights-common": "2.8.9",
        "@microsoft/applicationinsights-core-js": "2.8.9",
        "@microsoft/applicationinsights-shims": "2.0.2",
        "@microsoft/dynamicproto-js": "^1.1.7"
      }
    },
    "@microsoft/applicationinsights-common": {
      "version": "2.8.9",
      "resolved": "https://registry.npmjs.org/@microsoft/applicationinsights-common/-/applicationinsights-common-2.8.9.tgz",
      "integrity": "sha512-mObn1moElyxZaGIRF/IU3cOaeKMgxghXnYEoHNUCA2e+rNwBIgxjyKkblFIpmGuHf4X7Oz3o3yBWpaC6AoMpig==",
      "requires": {
        "@microsoft/applicationinsights-core-js": "2.8.9",
        "@microsoft/applicationinsights-shims": "2.0.2",
        "@microsoft/dynamicproto-js": "^1.1.7"
      }
    },
    "@microsoft/applicationinsights-core-js": {
      "version": "2.8.9",
      "resolved": "https://registry.npmjs.org/@microsoft/applicationinsights-core-js/-/applicationinsights-core-js-2.8.9.tgz",
      "integrity": "sha512-HRuIuZ6aOWezcg/G5VyFDDWGL8hDNe/ljPP01J7ImH2kRPEgbtcfPSUMjkamGMefgdq81GZsSoC/NNGTP4pp2w==",
      "requires": {
        "@microsoft/applicationinsights-shims": "2.0.2",
        "@microsoft/dynamicproto-js": "^1.1.7"
      }
    },
    "@microsoft/applicationinsights-shims": {
      "version": "2.0.2",
      "resolved": "https://registry.npmjs.org/@microsoft/applicationinsights-shims/-/applicationinsights-shims-2.0.2.tgz",
      "integrity": "sha512-PoHEgsnmcqruLNHZ/amACqdJ6YYQpED0KSRe6J7gIJTtpZC1FfFU9b1fmDKDKtFoUSrPzEh1qzO3kmRZP0betg=="
    },
    "@microsoft/applicationinsights-web-basic": {
      "version": "2.8.9",
      "resolved": "https://registry.npmjs.org/@microsoft/applicationinsights-web-basic/-/applicationinsights-web-basic-2.8.9.tgz",
      "integrity": "sha512-CH0J8JFOy7MjK8JO4pXXU+EML+Ilix+94PMZTX5EJlBU1in+mrik74/8qSg3UC4ekPi12KwrXaHCQSVC3WseXQ==",
      "requires": {
        "@microsoft/applicationinsights-channel-js": "2.8.9",
        "@microsoft/applicationinsights-common": "2.8.9",
        "@microsoft/applicationinsights-core-js": "2.8.9",
        "@microsoft/applicationinsights-shims": "2.0.2",
        "@microsoft/dynamicproto-js": "^1.1.7"
      }
    },
    "@microsoft/applicationinsights-web-snippet": {
      "version": "1.0.1",
      "resolved": "https://registry.npmjs.org/@microsoft/applicationinsights-web-snippet/-/applicationinsights-web-snippet-1.0.1.tgz",
      "integrity": "sha512-2IHAOaLauc8qaAitvWS+U931T+ze+7MNWrDHY47IENP5y2UA0vqJDu67kWZDdpCN1fFC77sfgfB+HV7SrKshnQ=="
    },
    "@microsoft/dynamicproto-js": {
      "version": "1.1.7",
      "resolved": "https://registry.npmjs.org/@microsoft/dynamicproto-js/-/dynamicproto-js-1.1.7.tgz",
      "integrity": "sha512-SK3D3aVt+5vOOccKPnGaJWB5gQ8FuKfjboUJHedMP7gu54HqSCXX5iFXhktGD8nfJb0Go30eDvs/UDoTnR2kOA=="
    },
    "@opentelemetry/api": {
      "version": "1.2.0",
      "resolved": "https://registry.npmjs.org/@opentelemetry/api/-/api-1.2.0.tgz",
      "integrity": "sha512-0nBr+VZNKm9tvNDZFstI3Pq1fCTEDK5OZTnVKNvBNAKgd0yIvmwsP4m61rEv7ZP+tOUjWJhROpxK5MsnlF911g=="
    },
    "@opentelemetry/core": {
      "version": "1.7.0",
      "resolved": "https://registry.npmjs.org/@opentelemetry/core/-/core-1.7.0.tgz",
      "integrity": "sha512-AVqAi5uc8DrKJBimCTFUT4iFI+5eXpo4sYmGbQ0CypG0piOTHE2g9c5aSoTGYXu3CzOmJZf7pT6Xh+nwm5d6yQ==",
      "requires": {
        "@opentelemetry/semantic-conventions": "1.7.0"
      }
    },
    "@opentelemetry/resources": {
      "version": "1.7.0",
      "resolved": "https://registry.npmjs.org/@opentelemetry/resources/-/resources-1.7.0.tgz",
      "integrity": "sha512-u1M0yZotkjyKx8dj+46Sg5thwtOTBmtRieNXqdCRiWUp6SfFiIP0bI+1XK3LhuXqXkBXA1awJZaTqKduNMStRg==",
      "requires": {
        "@opentelemetry/core": "1.7.0",
        "@opentelemetry/semantic-conventions": "1.7.0"
      }
    },
    "@opentelemetry/sdk-trace-base": {
      "version": "1.7.0",
      "resolved": "https://registry.npmjs.org/@opentelemetry/sdk-trace-base/-/sdk-trace-base-1.7.0.tgz",
      "integrity": "sha512-Iz84C+FVOskmauh9FNnj4+VrA+hG5o+tkMzXuoesvSfunVSioXib0syVFeNXwOm4+M5GdWCuW632LVjqEXStIg==",
      "requires": {
        "@opentelemetry/core": "1.7.0",
        "@opentelemetry/resources": "1.7.0",
        "@opentelemetry/semantic-conventions": "1.7.0"
      }
    },
    "@opentelemetry/semantic-conventions": {
      "version": "1.7.0",
      "resolved": "https://registry.npmjs.org/@opentelemetry/semantic-conventions/-/semantic-conventions-1.7.0.tgz",
      "integrity": "sha512-FGBx/Qd09lMaqQcogCHyYrFEpTx4cAjeS+48lMIR12z7LdH+zofGDVQSubN59nL6IpubfKqTeIDu9rNO28iHVA=="
    },
    "@tootallnate/once": {
      "version": "2.0.0",
      "resolved": "https://registry.npmjs.org/@tootallnate/once/-/once-2.0.0.tgz",
      "integrity": "sha512-XCuKFP5PS55gnMVu3dty8KPatLqUoy/ZYzDzAGCQ8JNFCkLXzmI7vNHCR+XpbZaMWQK/vQubr7PkYq8g470J/A=="
    },
    "@types/node": {
      "version": "16.11.6",
      "resolved": "https://registry.npmjs.org/@types/node/-/node-16.11.6.tgz",
      "integrity": "sha512-ua7PgUoeQFjmWPcoo9khiPum3Pd60k4/2ZGXt18sm2Slk0W0xZTqt5Y0Ny1NyBiN1EVQ/+FaF9NcY4Qe6rwk5w==",
      "dev": true
    },
    "@types/node-fetch": {
      "version": "2.5.7",
      "resolved": "https://registry.npmjs.org/@types/node-fetch/-/node-fetch-2.5.7.tgz",
      "integrity": "sha512-o2WVNf5UhWRkxlf6eq+jMZDu7kjgpgJfl4xVNlvryc95O/6F2ld8ztKX+qu+Rjyet93WAWm5LjeX9H5FGkODvw==",
      "dev": true,
      "requires": {
        "@types/node": "*",
        "form-data": "^3.0.0"
      },
      "dependencies": {
        "@types/node": {
          "version": "14.0.5",
          "resolved": "https://registry.npmjs.org/@types/node/-/node-14.0.5.tgz",
          "integrity": "sha512-90hiq6/VqtQgX8Sp0EzeIsv3r+ellbGj4URKj5j30tLlZvRUpnAe9YbYnjl3pJM93GyXU0tghHhvXHq+5rnCKA==",
          "dev": true
        }
      }
    },
    "@vscode/extension-telemetry": {
      "version": "0.7.5",
      "resolved": "https://registry.npmjs.org/@vscode/extension-telemetry/-/extension-telemetry-0.7.5.tgz",
      "integrity": "sha512-fJ5y3TcpqqkFYHneabYaoB4XAhDdVflVm+TDKshw9VOs77jkgNS4UA7LNXrWeO0eDne3Sh3JgURf+xzc1rk69w==",
      "requires": {
        "@microsoft/1ds-core-js": "^3.2.8",
        "@microsoft/1ds-post-js": "^3.2.8",
        "@microsoft/applicationinsights-web-basic": "^2.8.9",
        "applicationinsights": "2.4.1"
      }
    },
    "agent-base": {
      "version": "6.0.2",
      "resolved": "https://registry.npmjs.org/agent-base/-/agent-base-6.0.2.tgz",
      "integrity": "sha512-RZNwNclF7+MS/8bDg70amg32dyeZGZxiDuQmZxKLAlQjr3jGyLx+4Kkk58UO7D2QdgFIQCovuSuZESne6RG6XQ==",
      "requires": {
        "debug": "4"
      }
    },
    "applicationinsights": {
      "version": "2.4.1",
      "resolved": "https://registry.npmjs.org/applicationinsights/-/applicationinsights-2.4.1.tgz",
      "integrity": "sha512-0n0Ikd0gzSm460xm+M0UTWIwXrhrH/0bqfZatcJjYObWyefxfAxapGEyNnSGd1Tg90neHz+Yhf+Ff/zgvPiQYA==",
      "requires": {
        "@azure/core-auth": "^1.4.0",
        "@azure/core-rest-pipeline": "^1.10.0",
        "@microsoft/applicationinsights-web-snippet": "^1.0.1",
        "@opentelemetry/api": "^1.0.4",
        "@opentelemetry/core": "^1.0.1",
        "@opentelemetry/sdk-trace-base": "^1.0.1",
        "@opentelemetry/semantic-conventions": "^1.0.1",
        "cls-hooked": "^4.2.2",
        "continuation-local-storage": "^3.2.1",
        "diagnostic-channel": "1.1.0",
        "diagnostic-channel-publishers": "1.0.5"
      }
    },
    "async-hook-jl": {
      "version": "1.7.6",
      "resolved": "https://registry.npmjs.org/async-hook-jl/-/async-hook-jl-1.7.6.tgz",
      "integrity": "sha512-gFaHkFfSxTjvoxDMYqDuGHlcRyUuamF8s+ZTtJdDzqjws4mCt7v0vuV79/E2Wr2/riMQgtG4/yUtXWs1gZ7JMg==",
      "requires": {
        "stack-chain": "^1.3.7"
      }
    },
    "async-listener": {
      "version": "0.6.10",
      "resolved": "https://registry.npmjs.org/async-listener/-/async-listener-0.6.10.tgz",
      "integrity": "sha512-gpuo6xOyF4D5DE5WvyqZdPA3NGhiT6Qf07l7DCB0wwDEsLvDIbCr6j9S5aj5Ch96dLace5tXVzWBZkxU/c5ohw==",
      "requires": {
        "semver": "^5.3.0",
        "shimmer": "^1.1.0"
      }
    },
    "asynckit": {
      "version": "0.4.0",
      "resolved": "https://registry.npmjs.org/asynckit/-/asynckit-0.4.0.tgz",
      "integrity": "sha1-x57Zf380y48robyXkLzDZkdLS3k="
    },
    "axios": {
      "version": "0.26.1",
      "resolved": "https://registry.npmjs.org/axios/-/axios-0.26.1.tgz",
      "integrity": "sha512-fPwcX4EvnSHuInCMItEhAGnaSEXRBjtzh9fOtsE6E1G6p7vl7edEeZe11QHf18+6+9gR5PbKV/sGKNaD8YaMeA==",
      "requires": {
        "follow-redirects": "^1.14.8"
      }
    },
    "cls-hooked": {
      "version": "4.2.2",
      "resolved": "https://registry.npmjs.org/cls-hooked/-/cls-hooked-4.2.2.tgz",
      "integrity": "sha512-J4Xj5f5wq/4jAvcdgoGsL3G103BtWpZrMo8NEinRltN+xpTZdI+M38pyQqhuFU/P792xkMFvnKSf+Lm81U1bxw==",
      "requires": {
        "async-hook-jl": "^1.7.6",
        "emitter-listener": "^1.0.1",
        "semver": "^5.4.1"
      }
    },
    "combined-stream": {
      "version": "1.0.8",
      "resolved": "https://registry.npmjs.org/combined-stream/-/combined-stream-1.0.8.tgz",
      "integrity": "sha512-FQN4MRfuJeHf7cBbBMJFXhKSDq+2kAArBlmRBvcvFE5BB1HZKXtSFASDhdlz9zOYwxh8lDdnvmMOe/+5cdoEdg==",
      "requires": {
        "delayed-stream": "~1.0.0"
      }
    },
    "continuation-local-storage": {
      "version": "3.2.1",
      "resolved": "https://registry.npmjs.org/continuation-local-storage/-/continuation-local-storage-3.2.1.tgz",
      "integrity": "sha512-jx44cconVqkCEEyLSKWwkvUXwO561jXMa3LPjTPsm5QR22PA0/mhe33FT4Xb5y74JDvt/Cq+5lm8S8rskLv9ZA==",
      "requires": {
        "async-listener": "^0.6.0",
        "emitter-listener": "^1.1.1"
      }
    },
    "debug": {
      "version": "4.3.4",
      "resolved": "https://registry.npmjs.org/debug/-/debug-4.3.4.tgz",
      "integrity": "sha512-PRWFHuSU3eDtQJPvnNY7Jcket1j0t5OuOsFzPPzsekD52Zl8qUfFIPEiswXqIvHWGVHOgX+7G/vCNNhehwxfkQ==",
      "requires": {
        "ms": "2.1.2"
      }
    },
    "delayed-stream": {
      "version": "1.0.0",
      "resolved": "https://registry.npmjs.org/delayed-stream/-/delayed-stream-1.0.0.tgz",
      "integrity": "sha1-3zrhmayt+31ECqrgsp4icrJOxhk="
    },
    "diagnostic-channel": {
      "version": "1.1.0",
      "resolved": "https://registry.npmjs.org/diagnostic-channel/-/diagnostic-channel-1.1.0.tgz",
      "integrity": "sha512-fwujyMe1gj6rk6dYi9hMZm0c8Mz8NDMVl2LB4iaYh3+LIAThZC8RKFGXWG0IML2OxAit/ZFRgZhMkhQ3d/bobQ==",
      "requires": {
        "semver": "^5.3.0"
      }
    },
    "diagnostic-channel-publishers": {
      "version": "1.0.5",
      "resolved": "https://registry.npmjs.org/diagnostic-channel-publishers/-/diagnostic-channel-publishers-1.0.5.tgz",
      "integrity": "sha512-dJwUS0915pkjjimPJVDnS/QQHsH0aOYhnZsLJdnZIMOrB+csj8RnZhWTuwnm8R5v3Z7OZs+ksv5luC14DGB7eg==",
      "requires": {}
    },
    "emitter-listener": {
      "version": "1.1.2",
      "resolved": "https://registry.npmjs.org/emitter-listener/-/emitter-listener-1.1.2.tgz",
      "integrity": "sha512-Bt1sBAGFHY9DKY+4/2cV6izcKJUf5T7/gkdmkxzX/qv9CcGH8xSwVRW5mtX03SWJtRTWSOpzCuWN9rBFYZepZQ==",
      "requires": {
        "shimmer": "^1.2.0"
      }
    },
    "follow-redirects": {
      "version": "1.15.0",
      "resolved": "https://registry.npmjs.org/follow-redirects/-/follow-redirects-1.15.0.tgz",
      "integrity": "sha512-aExlJShTV4qOUOL7yF1U5tvLCB0xQuudbf6toyYA0E/acBNw71mvjFTnLaRp50aQaYocMR0a/RMMBIHeZnGyjQ=="
    },
    "form-data": {
      "version": "3.0.0",
      "resolved": "https://registry.npmjs.org/form-data/-/form-data-3.0.0.tgz",
      "integrity": "sha512-CKMFDglpbMi6PyN+brwB9Q/GOw0eAnsrEZDgcsH5Krhz5Od/haKHAX0NmQfha2zPPz0JpWzA7GJHGSnvCRLWsg==",
      "dev": true,
      "requires": {
        "asynckit": "^0.4.0",
        "combined-stream": "^1.0.8",
        "mime-types": "^2.1.12"
      }
    },
    "http-proxy-agent": {
      "version": "5.0.0",
      "resolved": "https://registry.npmjs.org/http-proxy-agent/-/http-proxy-agent-5.0.0.tgz",
      "integrity": "sha512-n2hY8YdoRE1i7r6M0w9DIw5GgZN0G25P8zLCRQ8rjXtTU3vsNFBI/vWK/UIeE6g5MUUz6avwAPXmL6Fy9D/90w==",
      "requires": {
        "@tootallnate/once": "2",
        "agent-base": "6",
        "debug": "4"
      }
    },
    "https-proxy-agent": {
      "version": "5.0.1",
      "resolved": "https://registry.npmjs.org/https-proxy-agent/-/https-proxy-agent-5.0.1.tgz",
      "integrity": "sha512-dFcAjpTQFgoLMzC2VwU+C/CbS7uRL0lWmxDITmqm7C+7F0Odmj6s9l6alZc6AELXhrnggM2CeWSXHGOdX2YtwA==",
      "requires": {
        "agent-base": "6",
        "debug": "4"
      }
    },
    "mime-db": {
      "version": "1.44.0",
      "resolved": "https://registry.npmjs.org/mime-db/-/mime-db-1.44.0.tgz",
      "integrity": "sha512-/NOTfLrsPBVeH7YtFPgsVWveuL+4SjjYxaQ1xtM1KMFj7HdxlBlxeyNLzhyJVx7r4rZGJAZ/6lkKCitSc/Nmpg=="
    },
    "mime-types": {
      "version": "2.1.27",
      "resolved": "https://registry.npmjs.org/mime-types/-/mime-types-2.1.27.tgz",
      "integrity": "sha512-JIhqnCasI9yD+SsmkquHBxTSEuZdQX5BuQnS2Vc7puQQQ+8yiP5AY5uWhpdv4YL4VM5c6iliiYWPgJ/nJQLp7w==",
      "requires": {
        "mime-db": "1.44.0"
      }
    },
    "ms": {
      "version": "2.1.2",
      "resolved": "https://registry.npmjs.org/ms/-/ms-2.1.2.tgz",
      "integrity": "sha512-sGkPx+VjMtmA6MX27oA4FBFELFCZZ4S4XqeGOXCv68tT+jb3vk/RyaKWP0PTKyWtmLSM0b+adUTEvbs1PEaH2w=="
    },
    "node-fetch": {
      "version": "2.6.7",
      "resolved": "https://registry.npmjs.org/node-fetch/-/node-fetch-2.6.7.tgz",
      "integrity": "sha512-ZjMPFEfVx5j+y2yF35Kzx5sF7kDzxuDj6ziH4FFbOp87zKDZNx8yExJIb05OGF4Nlt9IHFIMBkRl41VdvcNdbQ==",
      "requires": {
        "whatwg-url": "^5.0.0"
      }
    },
    "semver": {
      "version": "5.7.1",
      "resolved": "https://registry.npmjs.org/semver/-/semver-5.7.1.tgz",
      "integrity": "sha512-sauaDf/PZdVgrLTNYHRtpXa1iRiKcaebiKQ1BJdpQlWH2lCvexQdX55snPFyK7QzpudqbCI0qXFfOasHdyNDGQ=="
    },
    "shimmer": {
      "version": "1.2.1",
      "resolved": "https://registry.npmjs.org/shimmer/-/shimmer-1.2.1.tgz",
      "integrity": "sha512-sQTKC1Re/rM6XyFM6fIAGHRPVGvyXfgzIDvzoq608vM+jeyVD0Tu1E6Np0Kc2zAIFWIj963V2800iF/9LPieQw=="
    },
    "stack-chain": {
      "version": "1.3.7",
      "resolved": "https://registry.npmjs.org/stack-chain/-/stack-chain-1.3.7.tgz",
      "integrity": "sha512-D8cWtWVdIe/jBA7v5p5Hwl5yOSOrmZPWDPe2KxQ5UAGD+nxbxU0lKXA4h85Ta6+qgdKVL3vUxsbIZjc1kBG7ug=="
    },
    "tas-client": {
      "version": "0.1.45",
      "resolved": "https://registry.npmjs.org/tas-client/-/tas-client-0.1.45.tgz",
      "integrity": "sha512-IG9UmCpDbDPK23UByQ27rLybkRZYEx2eC9EkieXdwPKKjZPD2zPwfQmyGnZrZet4FUt3yj0ytkwz+liR9Nz/nA==",
      "requires": {
        "axios": "^0.26.1"
      }
    },
    "tr46": {
      "version": "0.0.3",
      "resolved": "https://registry.npmjs.org/tr46/-/tr46-0.0.3.tgz",
      "integrity": "sha1-gYT9NH2snNwYWZLzpmIuFLnZq2o="
    },
    "tslib": {
      "version": "2.4.1",
      "resolved": "https://registry.npmjs.org/tslib/-/tslib-2.4.1.tgz",
      "integrity": "sha512-tGyy4dAjRIEwI7BzsB0lynWgOpfqjUdq91XXAlIWD2OwKBH7oCl/GZG/HT4BOHrTlPMOASlMQ7veyTqpmRcrNA=="
    },
    "uuid": {
      "version": "8.3.2",
      "resolved": "https://registry.npmjs.org/uuid/-/uuid-8.3.2.tgz",
      "integrity": "sha512-+NYs2QeMWy+GWFOEm9xnn6HCDp0l7QBD7ml8zLUmJ+93Q5NF0NocErnwkTkXVFNiX3/fpC6afS8Dhb/gz7R7eg=="
    },
    "vscode-tas-client": {
      "version": "0.1.47",
      "resolved": "https://registry.npmjs.org/vscode-tas-client/-/vscode-tas-client-0.1.47.tgz",
      "integrity": "sha512-SlEPDi+0gwxor4ANzBtXwqROPQdQkClHeVJgnkvdDF5Xnl407htCsabTPAq4Di8muObORtLchqQS/k1ocaGDEg==",
      "requires": {
        "tas-client": "0.1.45"
      }
    },
    "webidl-conversions": {
      "version": "3.0.1",
      "resolved": "https://registry.npmjs.org/webidl-conversions/-/webidl-conversions-3.0.1.tgz",
      "integrity": "sha1-JFNCdeKnvGvnvIZhHMFq4KVlSHE="
    },
    "whatwg-url": {
      "version": "5.0.0",
      "resolved": "https://registry.npmjs.org/whatwg-url/-/whatwg-url-5.0.0.tgz",
      "integrity": "sha1-lmRU6HZUYuN2RNNib2dCzotwll0=",
      "requires": {
        "tr46": "~0.0.3",
        "webidl-conversions": "^3.0.0"
      }
    }
  }
}
